
Microsoft Visual Studio Solution File, Format Version 12.00
# Visual Studio Version 16
VisualStudioVersion = 16.0.31410.357
MinimumVisualStudioVersion = 10.0.40219.1
Project("{FAE04EC0-301F-11D3-BF4B-00C04F79EFBC}") = "bloboutputbind", "bloboutputbind\bloboutputbind.csproj", "{AACCE4C3-1FFD-4DB0-AF23-AFF94DB4D8AB}"
EndProject
Global
	GlobalSection(SolutionConfigurationPlatforms) = preSolution
		Debug|Any CPU = Debug|Any CPU
		Release|Any CPU = Release|Any CPU
	EndGlobalSection
	GlobalSection(ProjectConfigurationPlatforms) = postSolution
		{AACCE4C3-1FFD-4DB0-AF23-AFF94DB4D8AB}.Debug|Any CPU.ActiveCfg = Debug|Any CPU
		{AACCE4C3-1FFD-4DB0-AF23-AFF94DB4D8AB}.Debug|Any CPU.Build.0 = Debug|Any CPU
		{AACCE4C3-1FFD-4DB0-AF23-AFF94DB4D8AB}.Release|Any CPU.ActiveCfg = Release|Any CPU
		{AACCE4C3-1FFD-4DB0-AF23-AFF94DB4D8AB}.Release|Any CPU.Build.0 = Release|Any CPU
	EndGlobalSection
	GlobalSection(SolutionProperties) = preSolution
		HideSolutionNode = FALSE
	EndGlobalSection
	GlobalSection(ExtensibilityGlobals) = postSolution
		SolutionGuid = {B8941BED-7DBB-4417-9268-D4EC61DB3EA7}
	EndGlobalSection
EndGlobal
